
Microsoft Visual Studio Solution File, Format Version 12.00
Project("{FAE04EC0-301F-11D3-BF4B-00C04F79EFBC}") = "Awaitility", "src\Awaitility\Awaitility.csproj", "{C1633EA2-1CDE-4830-9C08-F87CCB0F10AD}"
EndProject
Project("{FAE04EC0-301F-11D3-BF4B-00C04F79EFBC}") = "Awaitility.Tests", "Awaitility.Tests\Awaitility.Tests.csproj", "{6C909E7E-49CD-4324-AD83-FF7FBCFE3205}"
EndProject
Project("{2150E333-8FDC-42A3-9474-1A3956D46DE8}") = "src", "src", "{4868FB5C-FC76-489B-918F-15DF6B1BF402}"
EndProject
Global
	GlobalSection(SolutionConfigurationPlatforms) = preSolution
		Debug|Any CPU = Debug|Any CPU
		Release|Any CPU = Release|Any CPU
	EndGlobalSection
	GlobalSection(ProjectConfigurationPlatforms) = postSolution
		{C1633EA2-1CDE-4830-9C08-F87CCB0F10AD}.Debug|Any CPU.ActiveCfg = Debug|Any CPU
		{C1633EA2-1CDE-4830-9C08-F87CCB0F10AD}.Debug|Any CPU.Build.0 = Debug|Any CPU
		{C1633EA2-1CDE-4830-9C08-F87CCB0F10AD}.Release|Any CPU.ActiveCfg = Release|Any CPU
		{C1633EA2-1CDE-4830-9C08-F87CCB0F10AD}.Release|Any CPU.Build.0 = Release|Any CPU
		{6C909E7E-49CD-4324-AD83-FF7FBCFE3205}.Debug|Any CPU.ActiveCfg = Debug|Any CPU
		{6C909E7E-49CD-4324-AD83-FF7FBCFE3205}.Debug|Any CPU.Build.0 = Debug|Any CPU
		{6C909E7E-49CD-4324-AD83-FF7FBCFE3205}.Release|Any CPU.ActiveCfg = Release|Any CPU
		{6C909E7E-49CD-4324-AD83-FF7FBCFE3205}.Release|Any CPU.Build.0 = Release|Any CPU
	EndGlobalSection
	GlobalSection(NestedProjects) = preSolution
		{C1633EA2-1CDE-4830-9C08-F87CCB0F10AD} = {4868FB5C-FC76-489B-918F-15DF6B1BF402}
	EndGlobalSection
EndGlobal
